{
  "lockfile_version": "1",
  "packages": {
    "go@1.22": {
      "last_modified": "2024-07-07T07:43:47Z",
      "resolved": "github:NixOS/nixpkgs/b60793b86201040d9dee019a05089a9150d08b5b#go",
      "source": "devbox-search",
      "version": "1.22.5",
      "systems": {
        "aarch64-darwin": {
          "outputs": [
            {
              "name": "out",
              "path": "/nix/store/05saqcgidraqmn4z82prsp7rbj9hjmwm-go-1.22.5",
              "default": true
            }
          ],
          "store_path": "/nix/store/05saqcgidraqmn4z82prsp7rbj9hjmwm-go-1.22.5"
        },
        "aarch64-linux": {
          "outputs": [
            {
              "name": "out",
              "path": "/nix/store/b97bbxn6kpysysxb8nxn4k39ffxmp4p6-go-1.22.5",
              "default": true
            }
          ],
          "store_path": "/nix/store/b97bbxn6kpysysxb8nxn4k39ffxmp4p6-go-1.22.5"
        },
        "x86_64-darwin": {
          "outputs": [
            {
              "name": "out",
              "path": "/nix/store/gdyii59c48s4a8q6w584ccgm95qls3lh-go-1.22.5",
              "default": true
            }
          ],
          "store_path": "/nix/store/gdyii59c48s4a8q6w584ccgm95qls3lh-go-1.22.5"
        },
        "x86_64-linux": {
          "outputs": [
            {
              "name": "out",
              "path": "/nix/store/3v17dij8rvg7q99009swxg52995r7s22-go-1.22.5",
              "default": true
            }
          ],
          "store_path": "/nix/store/3v17dij8rvg7q99009swxg52995r7s22-go-1.22.5"
        }
      }
    },
    "golangci-lint@1.57.2": {
      "last_modified": "2024-05-03T15:42:32Z",
      "resolved": "github:NixOS/nixpkgs/5fd8536a9a5932d4ae8de52b7dc08d92041237fc#golangci-lint",
      "source": "devbox-search",
      "version": "1.57.2",
      "systems": {
        "aarch64-darwin": {
          "outputs": [
            {
              "name": "out",
              "path": "/nix/store/jxi6c752jsl4k7w3vzb4i55910j4abb4-golangci-lint-1.57.2",
              "default": true
            }
          ],
          "store_path": "/nix/store/jxi6c752jsl4k7w3vzb4i55910j4abb4-golangci-lint-1.57.2"
        },
        "aarch64-linux": {
          "outputs": [
            {
              "name": "out",
              "path": "/nix/store/g8jacqcy8cr2n2iylqfdfmxlarn2jhfx-golangci-lint-1.57.2",
              "default": true
            }
          ],
          "store_path": "/nix/store/g8jacqcy8cr2n2iylqfdfmxlarn2jhfx-golangci-lint-1.57.2"
        },
        "x86_64-darwin": {
          "outputs": [
            {
              "name": "out",
              "path": "/nix/store/p9qf3jr68wwgx9538n2nnrjfszhjbcgc-golangci-lint-1.57.2",
              "default": true
            }
          ],
          "store_path": "/nix/store/p9qf3jr68wwgx9538n2nnrjfszhjbcgc-golangci-lint-1.57.2"
        },
        "x86_64-linux": {
          "outputs": [
            {
              "name": "out",
              "path": "/nix/store/2aq2bwy8inbwdh0lma0pcrsawmq9f18d-golangci-lint-1.57.2",
              "default": true
            }
          ],
          "store_path": "/nix/store/2aq2bwy8inbwdh0lma0pcrsawmq9f18d-golangci-lint-1.57.2"
        }
      }
    },
    "mailhog@latest": {
      "last_modified": "2024-07-07T07:43:47Z",
      "resolved": "github:NixOS/nixpkgs/b60793b86201040d9dee019a05089a9150d08b5b#mailhog",
      "source": "devbox-search",
      "version": "1.0.1",
      "systems": {
        "aarch64-darwin": {
          "outputs": [
            {
              "name": "out",
              "path": "/nix/store/hp7l6gnk6vxfgj00vsfgdn5aqsib8lf6-MailHog-1.0.1",
              "default": true
            }
          ],
          "store_path": "/nix/store/hp7l6gnk6vxfgj00vsfgdn5aqsib8lf6-MailHog-1.0.1"
        },
        "aarch64-linux": {
          "outputs": [
            {
              "name": "out",
              "path": "/nix/store/22kix69kg7w9xg5jq03fz3lfddcacmf7-MailHog-1.0.1",
              "default": true
            }
          ],
          "store_path": "/nix/store/22kix69kg7w9xg5jq03fz3lfddcacmf7-MailHog-1.0.1"
        },
        "x86_64-darwin": {
          "outputs": [
            {
              "name": "out",
              "path": "/nix/store/9h3nl95hxqxaabgx9br3nk9wamzr75nz-MailHog-1.0.1",
              "default": true
            }
          ],
          "store_path": "/nix/store/9h3nl95hxqxaabgx9br3nk9wamzr75nz-MailHog-1.0.1"
        },
        "x86_64-linux": {
          "outputs": [
            {
              "name": "out",
              "path": "/nix/store/wjmcr55ni4yfbaz4b83wwl657hc7mrn8-MailHog-1.0.1",
              "default": true
            }
          ],
          "store_path": "/nix/store/wjmcr55ni4yfbaz4b83wwl657hc7mrn8-MailHog-1.0.1"
        }
      }
    },
    "nodejs@20": {
      "last_modified": "2024-07-10T06:55:44Z",
      "plugin_version": "0.0.2",
      "resolved": "github:NixOS/nixpkgs/aa9461550594533c29866d42f861b6ff079a7fb6#nodejs_20",
      "source": "devbox-search",
      "version": "20.14.0",
      "systems": {
        "aarch64-darwin": {
          "outputs": [
            {
              "name": "out",
              "path": "/nix/store/sqnbldm1fjw88v23yq4v6531y4m7v2fh-nodejs-20.14.0",
              "default": true
            },
            {
              "name": "libv8",
              "path": "/nix/store/1i0rb2axkrxvsq5pz8s2q07ard2p36a1-nodejs-20.14.0-libv8"
            }
          ],
          "store_path": "/nix/store/sqnbldm1fjw88v23yq4v6531y4m7v2fh-nodejs-20.14.0"
        },
        "aarch64-linux": {
          "outputs": [
            {
              "name": "out",
              "path": "/nix/store/r1nwmlbsn67f5rhayr7jjjdmiflxpk92-nodejs-20.14.0",
              "default": true
            },
            {
              "name": "libv8",
              "path": "/nix/store/5ii3xkbd3iv0xvqqvjg3agsm0dinidgm-nodejs-20.14.0-libv8"
            }
          ],
          "store_path": "/nix/store/r1nwmlbsn67f5rhayr7jjjdmiflxpk92-nodejs-20.14.0"
        },
        "x86_64-darwin": {
          "outputs": [
            {
              "name": "out",
              "path": "/nix/store/wzgnws4r1c98vzj5q6gq4drz2jfq7d5q-nodejs-20.14.0",
              "default": true
            },
            {
              "name": "libv8",
              "path": "/nix/store/gc2gnkc8hvkh51ab3a29fvgzy2qsqb2s-nodejs-20.14.0-libv8"
            }
          ],
          "store_path": "/nix/store/wzgnws4r1c98vzj5q6gq4drz2jfq7d5q-nodejs-20.14.0"
        },
        "x86_64-linux": {
          "outputs": [
            {
              "name": "out",
              "path": "/nix/store/ilkfhnqz4xczrliqjva8770x2svbfznd-nodejs-20.14.0",
              "default": true
            },
            {
              "name": "libv8",
              "path": "/nix/store/2qaf68dzimr8as4bgli0xmsn11c0ah2j-nodejs-20.14.0-libv8"
            }
          ],
          "store_path": "/nix/store/ilkfhnqz4xczrliqjva8770x2svbfznd-nodejs-20.14.0"
        }
      }
    },
    "postgresql_16@latest": {
      "last_modified": "2024-07-07T07:43:47Z",
      "plugin_version": "0.0.2",
      "resolved": "github:NixOS/nixpkgs/b60793b86201040d9dee019a05089a9150d08b5b#postgresql_16",
      "source": "devbox-search",
      "version": "16.3",
      "systems": {
        "aarch64-darwin": {
          "outputs": [
            {
              "name": "out",
              "path": "/nix/store/svz7jy8ha79nnpg8c0vkwjr9z56823dz-postgresql-16.3",
              "default": true
            },
            {
              "name": "man",
              "path": "/nix/store/gkssvfd9s2443390jfd2zbgbr9rsnyl4-postgresql-16.3-man",
              "default": true
            },
            {
              "name": "doc",
              "path": "/nix/store/6b1gz4k1jpk68ckxvyqi0y4jgq9l7iqi-postgresql-16.3-doc"
            },
            {
              "name": "lib",
              "path": "/nix/store/chy58r9swk745q8840g8d768fh3w0d0y-postgresql-16.3-lib"
            }
          ],
          "store_path": "/nix/store/svz7jy8ha79nnpg8c0vkwjr9z56823dz-postgresql-16.3"
        },
        "aarch64-linux": {
          "outputs": [
            {
              "name": "out",
              "path": "/nix/store/9irkfbgp80svx0niw9gbvnw0iq0xrxkc-postgresql-16.3",
              "default": true
            },
            {
              "name": "man",
              "path": "/nix/store/jflwv0znil706zkczp521gv7gf51fcs0-postgresql-16.3-man",
              "default": true
            },
            {
              "name": "debug",
              "path": "/nix/store/vkc7ydy3z1251fyh7r3kifd6rl7ss87d-postgresql-16.3-debug"
            },
            {
              "name": "doc",
              "path": "/nix/store/fhxicn1xzadv2j9jimva30b074kygs6g-postgresql-16.3-doc"
            },
            {
              "name": "lib",
              "path": "/nix/store/iya8p9af1r5y4d7zxkgv774cdyacsq0g-postgresql-16.3-lib"
            }
          ],
          "store_path": "/nix/store/9irkfbgp80svx0niw9gbvnw0iq0xrxkc-postgresql-16.3"
        },
        "x86_64-darwin": {
          "outputs": [
            {
              "name": "out",
              "path": "/nix/store/hqhclsx0g76a73gw5shig2y92nr448d3-postgresql-16.3",
              "default": true
            },
            {
              "name": "man",
              "path": "/nix/store/2w13krfgajr7pk0v2hn8nc8k48xlqk91-postgresql-16.3-man",
              "default": true
            },
            {
              "name": "lib",
              "path": "/nix/store/0c3cj6cvwidlwx9k5zijw4wbw4y4l11d-postgresql-16.3-lib"
            },
            {
              "name": "doc",
              "path": "/nix/store/f62n0v1ccdlzabi1akfrdnwwfijr3m7h-postgresql-16.3-doc"
            }
          ],
          "store_path": "/nix/store/hqhclsx0g76a73gw5shig2y92nr448d3-postgresql-16.3"
        },
        "x86_64-linux": {
          "outputs": [
            {
              "name": "out",
              "path": "/nix/store/hpgi211gzb0cp9m78pnga6lyrzb8v50b-postgresql-16.3",
              "default": true
            },
            {
              "name": "man",
              "path": "/nix/store/bd96p5ngl4izf0b2dvan1sdn8zp278g4-postgresql-16.3-man",
              "default": true
            },
            {
              "name": "debug",
              "path": "/nix/store/b8wkfla6d8nvmh45xqnyn0b85aqa4rdw-postgresql-16.3-debug"
            },
            {
              "name": "doc",
              "path": "/nix/store/yw7w153fgzl58xq8ynhx7ylzcv5qdla0-postgresql-16.3-doc"
            },
            {
              "name": "lib",
              "path": "/nix/store/7gxl1g2gxsq8af956bicpxb3zs48a50i-postgresql-16.3-lib"
            }
          ],
          "store_path": "/nix/store/hpgi211gzb0cp9m78pnga6lyrzb8v50b-postgresql-16.3"
        }
      }
    },
    "python310Packages.pip": {
      "plugin_version": "0.0.2",
      "resolved": "github:NixOS/nixpkgs/75a52265bda7fd25e06e3a67dee3f0354e73243c#python310Packages.pip",
      "source": "nixpkg",
      "systems": {
        "aarch64-darwin": {
          "outputs": [
            {
              "name": "man",
              "path": "/nix/store/q6f3v1y0pnpfhwk218xyfxx6yvdngaz4-python3.10-pip-23.2.1-man",
              "default": true
            },
            {
              "path": "/nix/store/vyh7bsqnpg3v2y8fvw5h8x8dfm0r6bmf-python3.10-pip-23.2.1",
              "default": true
            }
          ]
        }
      }
    },
    "python@3.10": {
      "last_modified": "2024-07-07T07:43:47Z",
      "plugin_version": "0.0.3",
      "resolved": "github:NixOS/nixpkgs/b60793b86201040d9dee019a05089a9150d08b5b#python310",
      "source": "devbox-search",
      "version": "3.10.14",
      "systems": {
        "aarch64-darwin": {
          "outputs": [
            {
              "name": "out",
              "path": "/nix/store/n0gcjj86qjx7w59bwpzqvzdwrjdc7bwy-python3-3.10.14",
              "default": true
            }
          ],
          "store_path": "/nix/store/n0gcjj86qjx7w59bwpzqvzdwrjdc7bwy-python3-3.10.14"
        },
        "aarch64-linux": {
          "outputs": [
            {
              "name": "out",
              "path": "/nix/store/pzpn4j6hh8ayy15cb36s7i8v0mkavy0z-python3-3.10.14",
              "default": true
            },
            {
              "name": "debug",
              "path": "/nix/store/h873y0nbzqlmsda6m2vfdcjw1v6c660f-python3-3.10.14-debug"
            }
          ],
          "store_path": "/nix/store/pzpn4j6hh8ayy15cb36s7i8v0mkavy0z-python3-3.10.14"
        },
        "x86_64-darwin": {
          "outputs": [
            {
              "name": "out",
              "path": "/nix/store/3ia1741fyzlcjgp3kg01hlk3z1jlp9x0-python3-3.10.14",
              "default": true
            }
          ],
          "store_path": "/nix/store/3ia1741fyzlcjgp3kg01hlk3z1jlp9x0-python3-3.10.14"
        },
        "x86_64-linux": {
          "outputs": [
            {
              "name": "out",
              "path": "/nix/store/handws5bj8l411asgs68s3bj8f05qnn5-python3-3.10.14",
              "default": true
            },
            {
              "name": "debug",
              "path": "/nix/store/sl3yyz93mar0jk6cnw0lqv4xrvsbas0a-python3-3.10.14-debug"
            }
          ],
          "store_path": "/nix/store/handws5bj8l411asgs68s3bj8f05qnn5-python3-3.10.14"
        }
      }
    }
  }
}
