{
  "lockfile_version": "1",
  "packages": {
    "github:NixOS/nixpkgs/nixpkgs-unstable": {
      "last_modified": "2025-12-27T21:13:36Z",
      "resolved": "github:NixOS/nixpkgs/5c2bc52fb9f8c264ed6c93bd20afa2ff5e763dce?lastModified=1766870016&narHash=sha256-fHmxAesa6XNqnIkcS6%2BnIHuEmgd%2FiZSP%2FVXxweiEuQw%3D"
    },
    "glibcLocales@latest": {
      "last_modified": "2025-11-23T21:50:36Z",
      "resolved": "github:NixOS/nixpkgs/ee09932cedcef15aaf476f9343d1dea2cb77e261#glibcLocales",
      "source": "devbox-search",
      "version": "2.40-66",
      "systems": {
        "aarch64-linux": {
          "outputs": [
            {
              "name": "out",
              "path": "/nix/store/lhf8phvkgmlqr5ys1bgfr4g38b3l95kd-glibc-locales-2.40-66",
              "default": true
            }
          ],
          "store_path": "/nix/store/lhf8phvkgmlqr5ys1bgfr4g38b3l95kd-glibc-locales-2.40-66"
        },
        "x86_64-linux": {
          "outputs": [
            {
              "name": "out",
              "path": "/nix/store/hjlkypp9lpxwzsjycpy7nqg2mnl7qhzv-glibc-locales-2.40-66",
              "default": true
            }
          ],
          "store_path": "/nix/store/hjlkypp9lpxwzsjycpy7nqg2mnl7qhzv-glibc-locales-2.40-66"
        }
      }
    },
    "gnused@latest": {
      "last_modified": "2025-11-23T21:50:36Z",
      "resolved": "github:NixOS/nixpkgs/ee09932cedcef15aaf476f9343d1dea2cb77e261#gnused",
      "source": "devbox-search",
      "version": "4.9",
      "systems": {
        "aarch64-darwin": {
          "outputs": [
            {
              "name": "out",
              "path": "/nix/store/ipgh18959gxm39fhy7b9db4cn6vl0p0j-gnused-4.9",
              "default": true
            },
            {
              "name": "info",
              "path": "/nix/store/nwbb6v11d385qkvh1f320jw28vpzjv4h-gnused-4.9-info"
            }
          ],
          "store_path": "/nix/store/ipgh18959gxm39fhy7b9db4cn6vl0p0j-gnused-4.9"
        },
        "aarch64-linux": {
          "outputs": [
            {
              "name": "out",
              "path": "/nix/store/xcjag3jcsfdmixjcm3xckkrkcl5r48b6-gnused-4.9",
              "default": true
            },
            {
              "name": "info",
              "path": "/nix/store/ck8g1q6qp5ab3v0kgysh77prz950qqc3-gnused-4.9-info"
            }
          ],
          "store_path": "/nix/store/xcjag3jcsfdmixjcm3xckkrkcl5r48b6-gnused-4.9"
        },
        "x86_64-darwin": {
          "outputs": [
            {
              "name": "out",
              "path": "/nix/store/7w2wwlbr9rmjlr34ng42hbp00hwjaawz-gnused-4.9",
              "default": true
            },
            {
              "name": "info",
              "path": "/nix/store/nq47w0avvqk2r0ln7splxxqrmbk17h8n-gnused-4.9-info"
            }
          ],
          "store_path": "/nix/store/7w2wwlbr9rmjlr34ng42hbp00hwjaawz-gnused-4.9"
        },
        "x86_64-linux": {
          "outputs": [
            {
              "name": "out",
              "path": "/nix/store/drc7kang929jaza6cy9zdx10s4gw1z5p-gnused-4.9",
              "default": true
            },
            {
              "name": "info",
              "path": "/nix/store/p0xbl3agrrybwbqykdsh18yw1vf5n0p8-gnused-4.9-info"
            }
          ],
          "store_path": "/nix/store/drc7kang929jaza6cy9zdx10s4gw1z5p-gnused-4.9"
        }
      }
    },
    "go@1.25.4": {
      "last_modified": "2025-11-23T21:50:36Z",
      "resolved": "github:NixOS/nixpkgs/ee09932cedcef15aaf476f9343d1dea2cb77e261#go",
      "source": "devbox-search",
      "version": "1.25.4",
      "systems": {
        "aarch64-darwin": {
          "outputs": [
            {
              "name": "out",
              "path": "/nix/store/52f5kjcmgmvgrz3rij676b3rjmgg5l5g-go-1.25.4",
              "default": true
            }
          ],
          "store_path": "/nix/store/52f5kjcmgmvgrz3rij676b3rjmgg5l5g-go-1.25.4"
        },
        "aarch64-linux": {
          "outputs": [
            {
              "name": "out",
              "path": "/nix/store/2ajrlmz1qdpm9k9ankhnp3973wxg1gqs-go-1.25.4",
              "default": true
            }
          ],
          "store_path": "/nix/store/2ajrlmz1qdpm9k9ankhnp3973wxg1gqs-go-1.25.4"
        },
        "x86_64-darwin": {
          "outputs": [
            {
              "name": "out",
              "path": "/nix/store/1rqpvp45rl4sr1l0czrlbmv8jqj9sa7r-go-1.25.4",
              "default": true
            }
          ],
          "store_path": "/nix/store/1rqpvp45rl4sr1l0czrlbmv8jqj9sa7r-go-1.25.4"
        },
        "x86_64-linux": {
          "outputs": [
            {
              "name": "out",
              "path": "/nix/store/0a3dyfq09dnkw28ap2i450wjimvdmv6s-go-1.25.4",
              "default": true
            }
          ],
          "store_path": "/nix/store/0a3dyfq09dnkw28ap2i450wjimvdmv6s-go-1.25.4"
        }
      }
    },
    "golangci-lint@2.7.1": {
      "last_modified": "2025-12-04T22:20:37Z",
      "resolved": "github:NixOS/nixpkgs/bd88d6c13ab85cc842b93d53f68d6d40412e5a18#golangci-lint",
      "source": "devbox-search",
      "version": "2.7.1",
      "systems": {
        "aarch64-darwin": {
          "outputs": [
            {
              "name": "out",
              "path": "/nix/store/agkaa31hdaaj28684m7saql6mybmw7pz-golangci-lint-2.7.1",
              "default": true
            }
          ],
          "store_path": "/nix/store/agkaa31hdaaj28684m7saql6mybmw7pz-golangci-lint-2.7.1"
        },
        "aarch64-linux": {
          "outputs": [
            {
              "name": "out",
              "path": "/nix/store/lv9kilr09rgs9h81cir415m0r7cqpv18-golangci-lint-2.7.1",
              "default": true
            }
          ],
          "store_path": "/nix/store/lv9kilr09rgs9h81cir415m0r7cqpv18-golangci-lint-2.7.1"
        },
        "x86_64-darwin": {
          "outputs": [
            {
              "name": "out",
              "path": "/nix/store/y936ninfl4jw3ak8b39k90fn58a3s9q0-golangci-lint-2.7.1",
              "default": true
            }
          ],
          "store_path": "/nix/store/y936ninfl4jw3ak8b39k90fn58a3s9q0-golangci-lint-2.7.1"
        },
        "x86_64-linux": {
          "outputs": [
            {
              "name": "out",
              "path": "/nix/store/ibrfrnlbggncd1mcmb7fifvkppycc8cq-golangci-lint-2.7.1",
              "default": true
            }
          ],
          "store_path": "/nix/store/ibrfrnlbggncd1mcmb7fifvkppycc8cq-golangci-lint-2.7.1"
        }
      }
    },
    "gopls@latest": {
      "last_modified": "2025-12-13T16:46:16Z",
      "resolved": "github:NixOS/nixpkgs/23735a82a828372c4ef92c660864e82fbe2f5fbe#gopls",
      "source": "devbox-search",
      "version": "0.21.0",
      "systems": {
        "aarch64-darwin": {
          "outputs": [
            {
              "name": "out",
              "path": "/nix/store/4s7fb36fqfgdhmkjn3p1d4wglcs0avm0-gopls-0.21.0",
              "default": true
            }
          ],
          "store_path": "/nix/store/4s7fb36fqfgdhmkjn3p1d4wglcs0avm0-gopls-0.21.0"
        },
        "aarch64-linux": {
          "outputs": [
            {
              "name": "out",
              "path": "/nix/store/jcn5gw22biajyx5jy04zl5digjr9gvy4-gopls-0.21.0",
              "default": true
            }
          ],
          "store_path": "/nix/store/jcn5gw22biajyx5jy04zl5digjr9gvy4-gopls-0.21.0"
        },
        "x86_64-darwin": {
          "outputs": [
            {
              "name": "out",
              "path": "/nix/store/a6ikwdf3gp61yqqspkip0dx9nbp83xaj-gopls-0.21.0",
              "default": true
            }
          ],
          "store_path": "/nix/store/a6ikwdf3gp61yqqspkip0dx9nbp83xaj-gopls-0.21.0"
        },
        "x86_64-linux": {
          "outputs": [
            {
              "name": "out",
              "path": "/nix/store/258qdcmsf2mp5fqmfkak8b949wsicvbm-gopls-0.21.0",
              "default": true
            }
          ],
          "store_path": "/nix/store/258qdcmsf2mp5fqmfkak8b949wsicvbm-gopls-0.21.0"
        }
      }
    },
    "mailpit@latest": {
      "last_modified": "2025-11-29T19:37:08Z",
      "resolved": "github:NixOS/nixpkgs/a09378c0108815dbf3961a0e085936f4146ec415#mailpit",
      "source": "devbox-search",
      "version": "1.28.0",
      "systems": {
        "aarch64-darwin": {
          "outputs": [
            {
              "name": "out",
              "path": "/nix/store/skhsihn57xaqp8jkrm0h66i45bw1c39k-mailpit-1.28.0",
              "default": true
            }
          ],
          "store_path": "/nix/store/skhsihn57xaqp8jkrm0h66i45bw1c39k-mailpit-1.28.0"
        },
        "aarch64-linux": {
          "outputs": [
            {
              "name": "out",
              "path": "/nix/store/6xml6qs881fz12k5mf1nwzwvviyd32br-mailpit-1.28.0",
              "default": true
            }
          ],
          "store_path": "/nix/store/6xml6qs881fz12k5mf1nwzwvviyd32br-mailpit-1.28.0"
        },
        "x86_64-darwin": {
          "outputs": [
            {
              "name": "out",
              "path": "/nix/store/m43nspjlxak6xdnnqzgpq3rkcy5mw9qd-mailpit-1.28.0",
              "default": true
            }
          ],
          "store_path": "/nix/store/m43nspjlxak6xdnnqzgpq3rkcy5mw9qd-mailpit-1.28.0"
        },
        "x86_64-linux": {
          "outputs": [
            {
              "name": "out",
              "path": "/nix/store/jk3whnirkds2q57l2g03w6xwchl4mfdz-mailpit-1.28.0",
              "default": true
            }
          ],
          "store_path": "/nix/store/jk3whnirkds2q57l2g03w6xwchl4mfdz-mailpit-1.28.0"
        }
      }
    },
    "nodejs@22": {
      "last_modified": "2025-05-31T03:30:20Z",
      "plugin_version": "0.0.3",
      "resolved": "github:NixOS/nixpkgs/59138c7667b7970d205d6a05a8bfa2d78caa3643#nodejs_22",
      "source": "devbox-search",
      "version": "22.14.0",
      "systems": {
        "aarch64-darwin": {
          "outputs": [
            {
              "name": "out",
              "path": "/nix/store/g5bv4gi6p7ryhs2hbaryxs6ivsxa6lqc-nodejs-22.14.0",
              "default": true
            },
            {
              "name": "dev",
              "path": "/nix/store/96vpirdcns8zxdwzwl7n804012lwrf1n-nodejs-22.14.0-dev"
            },
            {
              "name": "libv8",
              "path": "/nix/store/xph2837xqjnra80mqlk64xp7vb3kkqxs-nodejs-22.14.0-libv8"
            }
          ],
          "store_path": "/nix/store/g5bv4gi6p7ryhs2hbaryxs6ivsxa6lqc-nodejs-22.14.0"
        },
        "aarch64-linux": {
          "outputs": [
            {
              "name": "out",
              "path": "/nix/store/cwb781xbp70f72njqh8vhvbsf1xq87i5-nodejs-22.14.0",
              "default": true
            },
            {
              "name": "dev",
              "path": "/nix/store/0w5mql46am2qai707a42q983l44l1h9z-nodejs-22.14.0-dev"
            },
            {
              "name": "libv8",
              "path": "/nix/store/vy56lahz381ayvw3hym3wj4r4ggv7gbk-nodejs-22.14.0-libv8"
            }
          ],
          "store_path": "/nix/store/cwb781xbp70f72njqh8vhvbsf1xq87i5-nodejs-22.14.0"
        },
        "x86_64-darwin": {
          "outputs": [
            {
              "name": "out",
              "path": "/nix/store/086zjv14ipka2vbpgwil3xyvi5ml4vh3-nodejs-22.14.0",
              "default": true
            },
            {
              "name": "dev",
              "path": "/nix/store/24n01nfvy908pwzwpgsl0k4227187i7i-nodejs-22.14.0-dev"
            },
            {
              "name": "libv8",
              "path": "/nix/store/jiwk0in1wk85crn9vp03gg937gbh1s0w-nodejs-22.14.0-libv8"
            }
          ],
          "store_path": "/nix/store/086zjv14ipka2vbpgwil3xyvi5ml4vh3-nodejs-22.14.0"
        },
        "x86_64-linux": {
          "outputs": [
            {
              "name": "out",
              "path": "/nix/store/c8jxsih8yy2rnncdmx2hyraizf689nvp-nodejs-22.14.0",
              "default": true
            },
            {
              "name": "libv8",
              "path": "/nix/store/s8gnrgh9hgnbkrc1wrn21d6zvkbvm9vi-nodejs-22.14.0-libv8"
            },
            {
              "name": "dev",
              "path": "/nix/store/xw8c1c0inxq3xl1d7axz19vq8c05kjk5-nodejs-22.14.0-dev"
            }
          ],
          "store_path": "/nix/store/c8jxsih8yy2rnncdmx2hyraizf689nvp-nodejs-22.14.0"
        }
      }
    },
    "postgresql_16@latest": {
      "last_modified": "2025-12-21T10:48:17Z",
      "plugin_version": "0.0.2",
      "resolved": "github:NixOS/nixpkgs/306ea70f9eb0fb4e040f8540e2deab32ed7e2055#postgresql_16",
      "source": "devbox-search",
      "version": "16.11",
      "systems": {
        "aarch64-darwin": {
          "outputs": [
            {
              "name": "out",
              "path": "/nix/store/4z6brj8fy05a6zw10bcsysai50y5r7d9-postgresql-16.11",
              "default": true
            },
            {
              "name": "man",
              "path": "/nix/store/b9r4icnqzy77gf9ra80flw93vq8wfxwm-postgresql-16.11-man",
              "default": true
            },
            {
              "name": "dev",
              "path": "/nix/store/bpwbpiags1bcnh55ri494ifpwgybx8nf-postgresql-16.11-dev"
            },
            {
              "name": "lib",
              "path": "/nix/store/ar2w42j728ngvbfhw2v2h1nw3jv1jnpq-postgresql-16.11-lib"
            },
            {
              "name": "plperl",
              "path": "/nix/store/w0rbja1fj38h5r9018rvy00gcr0i01mx-postgresql-16.11-plperl"
            },
            {
              "name": "doc",
              "path": "/nix/store/ngwpr5jfqm627h7nq3c6s5qwjpl70qac-postgresql-16.11-doc"
            },
            {
              "name": "jit",
              "path": "/nix/store/mkpklgm9nx24wjsw0grzsjkxrvagv2aa-postgresql-16.11-jit"
            },
            {
              "name": "plpython3",
              "path": "/nix/store/alsycc5ys03l0s3r2d2fi9a1z45imlfz-postgresql-16.11-plpython3"
            },
            {
              "name": "pltcl",
              "path": "/nix/store/jq1gflhksrnzakg6c1snz77i3a59a4jd-postgresql-16.11-pltcl"
            }
          ],
          "store_path": "/nix/store/4z6brj8fy05a6zw10bcsysai50y5r7d9-postgresql-16.11"
        },
        "aarch64-linux": {
          "outputs": [
            {
              "name": "out",
              "path": "/nix/store/qby9r9i1m21l7pjwl02wsrh797q10vrx-postgresql-16.11",
              "default": true
            },
            {
              "name": "man",
              "path": "/nix/store/rwz52s24zvix0cqkcdnqivz6w5wlm3jy-postgresql-16.11-man",
              "default": true
            },
            {
              "name": "dev",
              "path": "/nix/store/wjzhbfn3qrc93dcikivb7hj95whrw3pw-postgresql-16.11-dev"
            },
            {
              "name": "doc",
              "path": "/nix/store/kbnpp7am9bdga2q34c90wg9v26rr3p6b-postgresql-16.11-doc"
            },
            {
              "name": "jit",
              "path": "/nix/store/fg9fq83qmfvjk9vqb366annc9ndnq99a-postgresql-16.11-jit"
            },
            {
              "name": "plperl",
              "path": "/nix/store/56z86a00c4dw875s59w1g2xdvrmxx5qv-postgresql-16.11-plperl"
            },
            {
              "name": "debug",
              "path": "/nix/store/4dzlnn2xmrv8nq8909i9pn0zf84vcn0v-postgresql-16.11-debug"
            },
            {
              "name": "lib",
              "path": "/nix/store/1kci5hxn2p6z3gvmm7hck269sglz1m3z-postgresql-16.11-lib"
            },
            {
              "name": "plpython3",
              "path": "/nix/store/df2ay89ay9x51f40f0qkw66jbgca5yq5-postgresql-16.11-plpython3"
            },
            {
              "name": "pltcl",
              "path": "/nix/store/v5dy3b6lbfq5wrj7691p2diz6qiazhk5-postgresql-16.11-pltcl"
            }
          ],
          "store_path": "/nix/store/qby9r9i1m21l7pjwl02wsrh797q10vrx-postgresql-16.11"
        },
        "x86_64-darwin": {
          "outputs": [
            {
              "name": "out",
              "path": "/nix/store/ih7phvx2ck3y5ccggz1406zyd9vns3vl-postgresql-16.11",
              "default": true
            },
            {
              "name": "man",
              "path": "/nix/store/g8qzv40zcy7h8g9xhgvhx9awy3vnsb63-postgresql-16.11-man",
              "default": true
            },
            {
              "name": "dev",
              "path": "/nix/store/8f0b76vp81266d57xnfr57qfi4dwqzhr-postgresql-16.11-dev"
            },
            {
              "name": "doc",
              "path": "/nix/store/bdrkgy8csxi9ybg41hd4grfdi4x5zpws-postgresql-16.11-doc"
            },
            {
              "name": "lib",
              "path": "/nix/store/5vrwwccp28xdzj1018v176jxdwbgm84z-postgresql-16.11-lib"
            },
            {
              "name": "plperl",
              "path": "/nix/store/bh4gccl52627mldq3l44nmkg8si345a5-postgresql-16.11-plperl"
            },
            {
              "name": "plpython3",
              "path": "/nix/store/rxvzk9xj8dvlzh6473bw8b0jr86ayrjp-postgresql-16.11-plpython3"
            },
            {
              "name": "jit",
              "path": "/nix/store/mqh791kf6mqrfwzdgf40y7gibgwfsqva-postgresql-16.11-jit"
            },
            {
              "name": "pltcl",
              "path": "/nix/store/wskry0s8sasx8mrvlcxcw123dw71n11l-postgresql-16.11-pltcl"
            }
          ],
          "store_path": "/nix/store/ih7phvx2ck3y5ccggz1406zyd9vns3vl-postgresql-16.11"
        },
        "x86_64-linux": {
          "outputs": [
            {
              "name": "out",
              "path": "/nix/store/7ck9d7hn22ln9823f666x2zsxa7w42s1-postgresql-16.11",
              "default": true
            },
            {
              "name": "man",
              "path": "/nix/store/vw4dyx6y4vngwz97n4vmzk0s45jnkvp7-postgresql-16.11-man",
              "default": true
            },
            {
              "name": "jit",
              "path": "/nix/store/fgacfiyn8apysb37h4qwknd7xqfp4a7b-postgresql-16.11-jit"
            },
            {
              "name": "lib",
              "path": "/nix/store/23wlqaibvyd428pqcanqx9g1b43z8c0r-postgresql-16.11-lib"
            },
            {
              "name": "plpython3",
              "path": "/nix/store/s2ki0z08dpjxrj7mn2j588gicswivs90-postgresql-16.11-plpython3"
            },
            {
              "name": "pltcl",
              "path": "/nix/store/l4gkx4zxdf7cf29m01s79znfjn8k0zqj-postgresql-16.11-pltcl"
            },
            {
              "name": "dev",
              "path": "/nix/store/bm39wrvj4snr2998asmx7620jhcwzxzr-postgresql-16.11-dev"
            },
            {
              "name": "doc",
              "path": "/nix/store/zlg95mip3b6zqhs7f6hw3sg9ssbkbil8-postgresql-16.11-doc"
            },
            {
              "name": "plperl",
              "path": "/nix/store/641h1gk2cw5ma8pnwqpa07s3h8dkkbi4-postgresql-16.11-plperl"
            },
            {
              "name": "debug",
              "path": "/nix/store/dmm9bbb7a0f62jnzdnxsm0nzbxfcr5cv-postgresql-16.11-debug"
            }
          ],
          "store_path": "/nix/store/7ck9d7hn22ln9823f666x2zsxa7w42s1-postgresql-16.11"
        }
      }
    },
    "python310Packages.pip": {
      "resolved": "github:NixOS/nixpkgs/75a52265bda7fd25e06e3a67dee3f0354e73243c#python310Packages.pip",
      "source": "nixpkg",
      "systems": {
        "aarch64-darwin": {
          "outputs": [
            {
              "path": "/nix/store/vyh7bsqnpg3v2y8fvw5h8x8dfm0r6bmf-python3.10-pip-23.2.1",
              "default": true
            },
            {
              "name": "man",
              "path": "/nix/store/q6f3v1y0pnpfhwk218xyfxx6yvdngaz4-python3.10-pip-23.2.1-man",
              "default": true
            }
          ]
        }
      }
    },
    "python@3.10": {
      "last_modified": "2025-11-23T21:50:36Z",
      "plugin_version": "0.0.4",
      "resolved": "github:NixOS/nixpkgs/ee09932cedcef15aaf476f9343d1dea2cb77e261#python310",
      "source": "devbox-search",
      "version": "3.10.19",
      "systems": {
        "aarch64-darwin": {
          "outputs": [
            {
              "name": "out",
              "path": "/nix/store/db2rr68gyw519rmh4zvv28r8p9sxaa7a-python3-3.10.19",
              "default": true
            }
          ],
          "store_path": "/nix/store/db2rr68gyw519rmh4zvv28r8p9sxaa7a-python3-3.10.19"
        },
        "aarch64-linux": {
          "outputs": [
            {
              "name": "out",
              "path": "/nix/store/9sa0k69qycnas1x1zlcc6dihfzfhicz5-python3-3.10.19",
              "default": true
            },
            {
              "name": "debug",
              "path": "/nix/store/7ymfhc5502s1d64lv72yh4zpaaph5p4a-python3-3.10.19-debug"
            }
          ],
          "store_path": "/nix/store/9sa0k69qycnas1x1zlcc6dihfzfhicz5-python3-3.10.19"
        },
        "x86_64-darwin": {
          "outputs": [
            {
              "name": "out",
              "path": "/nix/store/pwvfcg4v8jzxykkysiw03xvsymi612ni-python3-3.10.19",
              "default": true
            }
          ],
          "store_path": "/nix/store/pwvfcg4v8jzxykkysiw03xvsymi612ni-python3-3.10.19"
        },
        "x86_64-linux": {
          "outputs": [
            {
              "name": "out",
              "path": "/nix/store/y497kak0610kfdvswb0pjiaf5yq4d8zk-python3-3.10.19",
              "default": true
            },
            {
              "name": "debug",
              "path": "/nix/store/35g79gg5z6gqd8w0q1fvqkxaxvvxp3d2-python3-3.10.19-debug"
            }
          ],
          "store_path": "/nix/store/y497kak0610kfdvswb0pjiaf5yq4d8zk-python3-3.10.19"
        }
      }
    },
    "valkey@latest": {
      "last_modified": "2025-11-23T21:50:36Z",
      "plugin_version": "0.0.1",
      "resolved": "github:NixOS/nixpkgs/ee09932cedcef15aaf476f9343d1dea2cb77e261#valkey",
      "source": "devbox-search",
      "version": "8.1.4",
      "systems": {
        "aarch64-darwin": {
          "outputs": [
            {
              "name": "out",
              "path": "/nix/store/4jdwj4pqngir6qr10k3mk5vg1sfm0nn3-valkey-8.1.4",
              "default": true
            }
          ],
          "store_path": "/nix/store/4jdwj4pqngir6qr10k3mk5vg1sfm0nn3-valkey-8.1.4"
        },
        "aarch64-linux": {
          "outputs": [
            {
              "name": "out",
              "path": "/nix/store/0lhg5c0jablb549xkvvw5g4npnk9xm2n-valkey-8.1.4",
              "default": true
            }
          ],
          "store_path": "/nix/store/0lhg5c0jablb549xkvvw5g4npnk9xm2n-valkey-8.1.4"
        },
        "x86_64-darwin": {
          "outputs": [
            {
              "name": "out",
              "path": "/nix/store/937qjk9skq6hs168s6rljb48mk9md89v-valkey-8.1.4",
              "default": true
            }
          ],
          "store_path": "/nix/store/937qjk9skq6hs168s6rljb48mk9md89v-valkey-8.1.4"
        },
        "x86_64-linux": {
          "outputs": [
            {
              "name": "out",
              "path": "/nix/store/03lpmhkkqzwka1fdvg2z5fi6vy63i80z-valkey-8.1.4",
              "default": true
            }
          ],
          "store_path": "/nix/store/03lpmhkkqzwka1fdvg2z5fi6vy63i80z-valkey-8.1.4"
        }
      }
    }
  }
}
